
Microsoft Visual Studio Solution File, Format Version 12.00
# Visual Studio Version 16
VisualStudioVersion = 16.0.31129.286
MinimumVisualStudioVersion = 10.0.40219.1
Project("{9A19103F-16F7-4668-BE54-9A1E7A4F7556}") = "SampleApplication", "SampleApplication\SampleApplication.csproj", "{A226029A-484A-48AE-ABC8-B59587AA1804}"
EndProject
Project("{FAE04EC0-301F-11D3-BF4B-00C04F79EFBC}") = "SampleApplication.UnitTests", "SampleApplication.Unit\SampleApplication.UnitTests.csproj", "{999B2FB0-1C52-4E2C-8B27-5E8EF815C8F8}"
EndProject
Global
	GlobalSection(SolutionConfigurationPlatforms) = preSolution
		Debug|Any CPU = Debug|Any CPU
		Release|Any CPU = Release|Any CPU
	EndGlobalSection
	GlobalSection(ProjectConfigurationPlatforms) = postSolution
		{A226029A-484A-48AE-ABC8-B59587AA1804}.Debug|Any CPU.ActiveCfg = Debug|Any CPU
		{A226029A-484A-48AE-ABC8-B59587AA1804}.Debug|Any CPU.Build.0 = Debug|Any CPU
		{A226029A-484A-48AE-ABC8-B59587AA1804}.Release|Any CPU.ActiveCfg = Release|Any CPU
		{A226029A-484A-48AE-ABC8-B59587AA1804}.Release|Any CPU.Build.0 = Release|Any CPU
		{999B2FB0-1C52-4E2C-8B27-5E8EF815C8F8}.Debug|Any CPU.ActiveCfg = Debug|Any CPU
		{999B2FB0-1C52-4E2C-8B27-5E8EF815C8F8}.Debug|Any CPU.Build.0 = Debug|Any CPU
		{999B2FB0-1C52-4E2C-8B27-5E8EF815C8F8}.Release|Any CPU.ActiveCfg = Release|Any CPU
		{999B2FB0-1C52-4E2C-8B27-5E8EF815C8F8}.Release|Any CPU.Build.0 = Release|Any CPU
	EndGlobalSection
	GlobalSection(SolutionProperties) = preSolution
		HideSolutionNode = FALSE
	EndGlobalSection
	GlobalSection(ExtensibilityGlobals) = postSolution
		SolutionGuid = {4175E440-96C7-4475-80AF-160E2478F0F1}
	EndGlobalSection
EndGlobal
